{
  "nodes": {
    "fficxx": {
      "inputs": {
        "flake-utils": [
          "flake-utils"
        ],
        "nixpkgs": [
          "nixpkgs"
        ]
      },
      "locked": {
        "lastModified": 1692170079,
        "narHash": "sha256-4GXbsAA4LFqbP7xk8A0tRl5bEQxkS0gx+ckINIQ3sD4=",
        "owner": "wavewave",
        "repo": "fficxx",
        "rev": "7c06b4bca1d574cb10ddc3bfadb73462febfb19a",
        "type": "github"
      },
      "original": {
        "owner": "wavewave",
        "ref": "master",
        "repo": "fficxx",
        "type": "github"
      }
    },
    "flake-utils": {
      "locked": {
        "lastModified": 1667395993,
        "narHash": "sha256-nuEHfE/LcWyuSWnS8t12N1wc105Qtau+/OdUAjtQ0rA=",
        "owner": "numtide",
        "repo": "flake-utils",
        "rev": "5aed5285a952e0b949eb3ba02c12fa4fcfef535f",
        "type": "github"
      },
      "original": {
        "owner": "numtide",
        "repo": "flake-utils",
        "type": "github"
      }
    },
    "nixpkgs": {
      "locked": {
        "lastModified": 1690839047,
        "narHash": "sha256-2V+JIN4z7JQXGQw+Qurq6OwlAAPrBj8ju5/F48Iryho=",
        "owner": "NixOS",
        "repo": "nixpkgs",
        "rev": "de72df367566658cef90fecade0255e5259ad740",
        "type": "github"
      },
      "original": {
        "owner": "NixOS",
        "ref": "master",
        "repo": "nixpkgs",
        "type": "github"
      }
    },
    "root": {
      "inputs": {
        "fficxx": "fficxx",
        "flake-utils": "flake-utils",
        "nixpkgs": "nixpkgs"
      }
    }
  },
  "root": "root",
  "version": 7
}
